
Microsoft Visual Studio Solution File, Format Version 12.00
# Visual Studio Version 16
VisualStudioVersion = 16.0.31624.102
MinimumVisualStudioVersion = 10.0.40219.1
Project("{FAE04EC0-301F-11D3-BF4B-00C04F79EFBC}") = "Aula6", "Aula6\Aula6.csproj", "{7275EAEF-7EE5-4CEE-A842-C00E1E04B0B6}"
EndProject
Global
	GlobalSection(SolutionConfigurationPlatforms) = preSolution
		Debug|Any CPU = Debug|Any CPU
		Release|Any CPU = Release|Any CPU
	EndGlobalSection
	GlobalSection(ProjectConfigurationPlatforms) = postSolution
		{7275EAEF-7EE5-4CEE-A842-C00E1E04B0B6}.Debug|Any CPU.ActiveCfg = Debug|Any CPU
		{7275EAEF-7EE5-4CEE-A842-C00E1E04B0B6}.Debug|Any CPU.Build.0 = Debug|Any CPU
		{7275EAEF-7EE5-4CEE-A842-C00E1E04B0B6}.Release|Any CPU.ActiveCfg = Release|Any CPU
		{7275EAEF-7EE5-4CEE-A842-C00E1E04B0B6}.Release|Any CPU.Build.0 = Release|Any CPU
	EndGlobalSection
	GlobalSection(SolutionProperties) = preSolution
		HideSolutionNode = FALSE
	EndGlobalSection
	GlobalSection(ExtensibilityGlobals) = postSolution
		SolutionGuid = {6AA1D965-3A25-4CD8-9EAF-CEB675C28C35}
	EndGlobalSection
EndGlobal
