
Microsoft Visual Studio Solution File, Format Version 12.00
# Visual Studio Version 16
VisualStudioVersion = 16.0.31613.86
MinimumVisualStudioVersion = 10.0.40219.1
Project("{FAE04EC0-301F-11D3-BF4B-00C04F79EFBC}") = "Aula2", "Aula2\Aula2.csproj", "{4756BCD8-959A-49F0-8839-ED733D69372F}"
EndProject
Global
	GlobalSection(SolutionConfigurationPlatforms) = preSolution
		Debug|Any CPU = Debug|Any CPU
		Release|Any CPU = Release|Any CPU
	EndGlobalSection
	GlobalSection(ProjectConfigurationPlatforms) = postSolution
		{4756BCD8-959A-49F0-8839-ED733D69372F}.Debug|Any CPU.ActiveCfg = Debug|Any CPU
		{4756BCD8-959A-49F0-8839-ED733D69372F}.Debug|Any CPU.Build.0 = Debug|Any CPU
		{4756BCD8-959A-49F0-8839-ED733D69372F}.Release|Any CPU.ActiveCfg = Release|Any CPU
		{4756BCD8-959A-49F0-8839-ED733D69372F}.Release|Any CPU.Build.0 = Release|Any CPU
	EndGlobalSection
	GlobalSection(SolutionProperties) = preSolution
		HideSolutionNode = FALSE
	EndGlobalSection
	GlobalSection(ExtensibilityGlobals) = postSolution
		SolutionGuid = {49F4C584-EEA0-4653-B324-B0A68334DE37}
	EndGlobalSection
EndGlobal
